<?xml version="1.0" encoding="utf-8"?>
<Project ToolsVersion="4.0" xmlns="http://schemas.microsoft.com/developer/msbuild/2003">
  <ItemGroup>
    <Filter Include="Source Files">
      <UniqueIdentifier>{4FC737F1-C7A5-4376-A066-2A32D752A2FF}</UniqueIdentifier>
      <Extensions>cpp;c;cc;cxx;def;odl;idl;hpj;bat;asm;asmx</Extensions>
    </Filter>
    <Filter Include="Header Files">
      <UniqueIdentifier>{93995380-89BD-4b04-88EB-625FBE52EBFB}</UniqueIdentifier>
      <Extensions>h;hh;hpp;hxx;hm;inl;inc;xsd</Extensions>
    </Filter>
    <Filter Include="Resource Files">
      <UniqueIdentifier>{67DA6AB6-F800-4c08-8B7A-83BB121AAD01}</UniqueIdentifier>
      <Extensions>rc;ico;cur;bmp;dlg;rc2;rct;bin;rgs;gif;jpg;jpeg;jpe;resx;tiff;tif;png;wav;mfcribbon-ms</Extensions>
    </Filter>
    <Filter Include="Header Files\Joints">
      <UniqueIdentifier>{4e1a3cf3-9797-4676-95cf-59744ff08a0e}</UniqueIdentifier>
    </Filter>
    <Filter Include="Header Files\Arms">
      <UniqueIdentifier>{4012cca7-7435-4ad9-b441-2de1d2e5049b}</UniqueIdentifier>
    </Filter>
    <Filter Include="Header Files\TeachIn">
      <UniqueIdentifier>{680192fb-fc96-4504-997a-70b422991e2d}</UniqueIdentifier>
    </Filter>
    <Filter Include="Header Files\Interaction">
      <UniqueIdentifier>{825524e5-a99d-4616-a534-cc0cb33c2c28}</UniqueIdentifier>
    </Filter>
  </ItemGroup>
  <ItemGroup>
    <Text Include="ReadMe.txt" />
  </ItemGroup>
  <ItemGroup>
    <ClInclude Include="stdafx.h">
      <Filter>Header Files</Filter>
    </ClInclude>
    <ClInclude Include="targetver.h">
      <Filter>Header Files</Filter>
    </ClInclude>
    <ClInclude Include="Joint.h">
      <Filter>Header Files\Joints</Filter>
    </ClInclude>
    <ClInclude Include="SensorJoint.h">
      <Filter>Header Files\Joints</Filter>
    </ClInclude>
    <ClInclude Include="ServoJoint.h">
      <Filter>Header Files\Joints</Filter>
    </ClInclude>
    <ClInclude Include="RoboticArm.h">
      <Filter>Header Files\Arms</Filter>
    </ClInclude>
    <ClInclude Include="TemplateArm.h">
      <Filter>Header Files\Arms</Filter>
    </ClInclude>
    <ClInclude Include="ServoArm.h">
      <Filter>Header Files\Arms</Filter>
    </ClInclude>
    <ClInclude Include="SensorArm.h">
      <Filter>Header Files\Arms</Filter>
    </ClInclude>
    <ClInclude Include="Snapshot.h">
      <Filter>Header Files\TeachIn</Filter>
    </ClInclude>
    <ClInclude Include="Capture.h">
      <Filter>Header Files\TeachIn</Filter>
    </ClInclude>
    <ClInclude Include="Button.h">
      <Filter>Header Files\Interaction</Filter>
    </ClInclude>
    <ClInclude Include="IOManager.h">
      <Filter>Header Files\Interaction</Filter>
    </ClInclude>
  </ItemGroup>
  <ItemGroup>
    <ClCompile Include="stdafx.cpp">
      <Filter>Source Files</Filter>
    </ClCompile>
    <ClCompile Include="RoboticArmDummy.cpp">
      <Filter>Source Files</Filter>
    </ClCompile>
  </ItemGroup>
</Project>